
Microsoft Visual Studio Solution File, Format Version 12.00
# Visual Studio 15
VisualStudioVersion = 15.0.27703.2035
MinimumVisualStudioVersion = 10.0.40219.1
Project("{FAE04EC0-301F-11D3-BF4B-00C04F79EFBC}") = "Proxy", "Proxy\Proxy.csproj", "{C0C5B9CE-A953-4C2F-85B4-7D71B9247DC2}"
EndProject
Project("{FAE04EC0-301F-11D3-BF4B-00C04F79EFBC}") = "RestIPTest", "RestIPTest\RestIPTest.csproj", "{4448C8EC-CFE2-4E75-8717-28EAFDF4FCCC}"
EndProject
Global
	GlobalSection(SolutionConfigurationPlatforms) = preSolution
		Debug|Any CPU = Debug|Any CPU
		Release|Any CPU = Release|Any CPU
	EndGlobalSection
	GlobalSection(ProjectConfigurationPlatforms) = postSolution
		{C0C5B9CE-A953-4C2F-85B4-7D71B9247DC2}.Debug|Any CPU.ActiveCfg = Debug|Any CPU
		{C0C5B9CE-A953-4C2F-85B4-7D71B9247DC2}.Debug|Any CPU.Build.0 = Debug|Any CPU
		{C0C5B9CE-A953-4C2F-85B4-7D71B9247DC2}.Release|Any CPU.ActiveCfg = Release|Any CPU
		{C0C5B9CE-A953-4C2F-85B4-7D71B9247DC2}.Release|Any CPU.Build.0 = Release|Any CPU
		{4448C8EC-CFE2-4E75-8717-28EAFDF4FCCC}.Debug|Any CPU.ActiveCfg = Debug|Any CPU
		{4448C8EC-CFE2-4E75-8717-28EAFDF4FCCC}.Debug|Any CPU.Build.0 = Debug|Any CPU
		{4448C8EC-CFE2-4E75-8717-28EAFDF4FCCC}.Release|Any CPU.ActiveCfg = Release|Any CPU
		{4448C8EC-CFE2-4E75-8717-28EAFDF4FCCC}.Release|Any CPU.Build.0 = Release|Any CPU
	EndGlobalSection
	GlobalSection(SolutionProperties) = preSolution
		HideSolutionNode = FALSE
	EndGlobalSection
	GlobalSection(ExtensibilityGlobals) = postSolution
		SolutionGuid = {2A1AA0BD-01D0-41AC-8773-3AD3F091E244}
	EndGlobalSection
EndGlobal
